
Microsoft Visual Studio Solution File, Format Version 12.00
# Visual Studio Version 16
VisualStudioVersion = 16.0.30320.27
MinimumVisualStudioVersion = 10.0.40219.1
Project("{FAE04EC0-301F-11D3-BF4B-00C04F79EFBC}") = "基础练习1", "基础练习1.csproj", "{5F040E22-F3C7-4EC1-8338-DC20B1D60D87}"
EndProject
Project("{FAE04EC0-301F-11D3-BF4B-00C04F79EFBC}") = "基础练习2", "..\基础练习2\基础练习2.csproj", "{60F448C0-1EFF-4BAA-9DBD-5FCC69D76C73}"
EndProject
Project("{FAE04EC0-301F-11D3-BF4B-00C04F79EFBC}") = "基础练习3", "..\基础练习3\基础练习3.csproj", "{DFD00F12-F2BF-48E9-BA2E-B9ADFEE72EA8}"
EndProject
Project("{FAE04EC0-301F-11D3-BF4B-00C04F79EFBC}") = "基础练习4", "..\基础练习4\基础练习4.csproj", "{2CBCA186-69A8-4B12-8544-4C386F2EE857}"
EndProject
Project("{FAE04EC0-301F-11D3-BF4B-00C04F79EFBC}") = "基础练习5", "..\基础练习5\基础练习5.csproj", "{3F50433A-D974-46C3-967B-79AA691A93EA}"
EndProject
Project("{FAE04EC0-301F-11D3-BF4B-00C04F79EFBC}") = "基础练习6", "..\基础练习6\基础练习6.csproj", "{13B494D9-0DF0-4F3E-BFAA-7D7E632B9BE3}"
EndProject
Project("{FAE04EC0-301F-11D3-BF4B-00C04F79EFBC}") = "基础练习7", "..\基础练习7\基础练习7.csproj", "{FCB4A785-8CF1-4319-91B7-B2AD3463FE0F}"
EndProject
Project("{FAE04EC0-301F-11D3-BF4B-00C04F79EFBC}") = "基础练习8", "..\基础练习8\基础练习8.csproj", "{5D7A3E14-113F-43D7-8824-F53509447E6F}"
EndProject
Project("{FAE04EC0-301F-11D3-BF4B-00C04F79EFBC}") = "基础练习9", "..\基础练习9\基础练习9.csproj", "{D1D383E4-6F69-46BF-9A24-211945DBFE0D}"
EndProject
Project("{FAE04EC0-301F-11D3-BF4B-00C04F79EFBC}") = "基础练习10", "..\基础练习10\基础练习10.csproj", "{26CE4D44-D12D-47AB-8D3E-6CE27CB1FCFA}"
EndProject
Project("{FAE04EC0-301F-11D3-BF4B-00C04F79EFBC}") = "基础练习11", "..\基础练习11\基础练习11.csproj", "{E93C3EC1-2DC0-427A-AFD4-82A3CDC90DD6}"
EndProject
Project("{FAE04EC0-301F-11D3-BF4B-00C04F79EFBC}") = "基础练习12", "..\基础练习12\基础练习12.csproj", "{45A1F62A-FE41-4BB2-94B5-D18D5E785922}"
EndProject
Project("{FAE04EC0-301F-11D3-BF4B-00C04F79EFBC}") = "基础练习13", "..\基础练习13\基础练习13.csproj", "{1DDA5DE3-2EB6-4351-BC3E-153671693D99}"
EndProject
Project("{FAE04EC0-301F-11D3-BF4B-00C04F79EFBC}") = "基础练习14", "..\基础练习14\基础练习14.csproj", "{2CFC92D1-A82D-4CC3-8D66-4FDEF7094F3E}"
EndProject
Project("{FAE04EC0-301F-11D3-BF4B-00C04F79EFBC}") = "基础练习15", "..\基础练习15\基础练习15.csproj", "{F30B9E3A-6849-41D9-A62F-2472B2C359C9}"
EndProject
Project("{FAE04EC0-301F-11D3-BF4B-00C04F79EFBC}") = "基础练习16", "..\基础练习16\基础练习16.csproj", "{9D2F8215-30EC-4C3A-BF4E-10D8FA1D3A37}"
EndProject
Project("{FAE04EC0-301F-11D3-BF4B-00C04F79EFBC}") = "基础练习17", "..\基础练习17\基础练习17.csproj", "{F7AE8043-27C3-44BF-83F5-B92092711872}"
EndProject
Project("{FAE04EC0-301F-11D3-BF4B-00C04F79EFBC}") = "基础练习18", "..\基础练习18\基础练习18.csproj", "{FF5EB235-6AED-429D-A618-32863219CBC0}"
EndProject
Project("{FAE04EC0-301F-11D3-BF4B-00C04F79EFBC}") = "基础练习19", "..\基础练习19\基础练习19.csproj", "{E6D449C2-DC70-4EAD-96BE-AA52A96F66DB}"
EndProject
Project("{FAE04EC0-301F-11D3-BF4B-00C04F79EFBC}") = "基础练习20", "..\基础练习20\基础练习20.csproj", "{F1C300DD-0FDA-4EC3-A0D6-8058E4CD67F7}"
EndProject
Global
	GlobalSection(SolutionConfigurationPlatforms) = preSolution
		Debug|Any CPU = Debug|Any CPU
		Release|Any CPU = Release|Any CPU
	EndGlobalSection
	GlobalSection(ProjectConfigurationPlatforms) = postSolution
		{5F040E22-F3C7-4EC1-8338-DC20B1D60D87}.Debug|Any CPU.ActiveCfg = Debug|Any CPU
		{5F040E22-F3C7-4EC1-8338-DC20B1D60D87}.Debug|Any CPU.Build.0 = Debug|Any CPU
		{5F040E22-F3C7-4EC1-8338-DC20B1D60D87}.Release|Any CPU.ActiveCfg = Release|Any CPU
		{5F040E22-F3C7-4EC1-8338-DC20B1D60D87}.Release|Any CPU.Build.0 = Release|Any CPU
		{60F448C0-1EFF-4BAA-9DBD-5FCC69D76C73}.Debug|Any CPU.ActiveCfg = Debug|Any CPU
		{60F448C0-1EFF-4BAA-9DBD-5FCC69D76C73}.Debug|Any CPU.Build.0 = Debug|Any CPU
		{60F448C0-1EFF-4BAA-9DBD-5FCC69D76C73}.Release|Any CPU.ActiveCfg = Release|Any CPU
		{60F448C0-1EFF-4BAA-9DBD-5FCC69D76C73}.Release|Any CPU.Build.0 = Release|Any CPU
		{DFD00F12-F2BF-48E9-BA2E-B9ADFEE72EA8}.Debug|Any CPU.ActiveCfg = Debug|Any CPU
		{DFD00F12-F2BF-48E9-BA2E-B9ADFEE72EA8}.Debug|Any CPU.Build.0 = Debug|Any CPU
		{DFD00F12-F2BF-48E9-BA2E-B9ADFEE72EA8}.Release|Any CPU.ActiveCfg = Release|Any CPU
		{DFD00F12-F2BF-48E9-BA2E-B9ADFEE72EA8}.Release|Any CPU.Build.0 = Release|Any CPU
		{2CBCA186-69A8-4B12-8544-4C386F2EE857}.Debug|Any CPU.ActiveCfg = Debug|Any CPU
		{2CBCA186-69A8-4B12-8544-4C386F2EE857}.Debug|Any CPU.Build.0 = Debug|Any CPU
		{2CBCA186-69A8-4B12-8544-4C386F2EE857}.Release|Any CPU.ActiveCfg = Release|Any CPU
		{2CBCA186-69A8-4B12-8544-4C386F2EE857}.Release|Any CPU.Build.0 = Release|Any CPU
		{3F50433A-D974-46C3-967B-79AA691A93EA}.Debug|Any CPU.ActiveCfg = Debug|Any CPU
		{3F50433A-D974-46C3-967B-79AA691A93EA}.Debug|Any CPU.Build.0 = Debug|Any CPU
		{3F50433A-D974-46C3-967B-79AA691A93EA}.Release|Any CPU.ActiveCfg = Release|Any CPU
		{3F50433A-D974-46C3-967B-79AA691A93EA}.Release|Any CPU.Build.0 = Release|Any CPU
		{13B494D9-0DF0-4F3E-BFAA-7D7E632B9BE3}.Debug|Any CPU.ActiveCfg = Debug|Any CPU
		{13B494D9-0DF0-4F3E-BFAA-7D7E632B9BE3}.Debug|Any CPU.Build.0 = Debug|Any CPU
		{13B494D9-0DF0-4F3E-BFAA-7D7E632B9BE3}.Release|Any CPU.ActiveCfg = Release|Any CPU
		{13B494D9-0DF0-4F3E-BFAA-7D7E632B9BE3}.Release|Any CPU.Build.0 = Release|Any CPU
		{FCB4A785-8CF1-4319-91B7-B2AD3463FE0F}.Debug|Any CPU.ActiveCfg = Debug|Any CPU
		{FCB4A785-8CF1-4319-91B7-B2AD3463FE0F}.Debug|Any CPU.Build.0 = Debug|Any CPU
		{FCB4A785-8CF1-4319-91B7-B2AD3463FE0F}.Release|Any CPU.ActiveCfg = Release|Any CPU
		{FCB4A785-8CF1-4319-91B7-B2AD3463FE0F}.Release|Any CPU.Build.0 = Release|Any CPU
		{5D7A3E14-113F-43D7-8824-F53509447E6F}.Debug|Any CPU.ActiveCfg = Debug|Any CPU
		{5D7A3E14-113F-43D7-8824-F53509447E6F}.Debug|Any CPU.Build.0 = Debug|Any CPU
		{5D7A3E14-113F-43D7-8824-F53509447E6F}.Release|Any CPU.ActiveCfg = Release|Any CPU
		{5D7A3E14-113F-43D7-8824-F53509447E6F}.Release|Any CPU.Build.0 = Release|Any CPU
		{D1D383E4-6F69-46BF-9A24-211945DBFE0D}.Debug|Any CPU.ActiveCfg = Debug|Any CPU
		{D1D383E4-6F69-46BF-9A24-211945DBFE0D}.Debug|Any CPU.Build.0 = Debug|Any CPU
		{D1D383E4-6F69-46BF-9A24-211945DBFE0D}.Release|Any CPU.ActiveCfg = Release|Any CPU
		{D1D383E4-6F69-46BF-9A24-211945DBFE0D}.Release|Any CPU.Build.0 = Release|Any CPU
		{26CE4D44-D12D-47AB-8D3E-6CE27CB1FCFA}.Debug|Any CPU.ActiveCfg = Debug|Any CPU
		{26CE4D44-D12D-47AB-8D3E-6CE27CB1FCFA}.Debug|Any CPU.Build.0 = Debug|Any CPU
		{26CE4D44-D12D-47AB-8D3E-6CE27CB1FCFA}.Release|Any CPU.ActiveCfg = Release|Any CPU
		{26CE4D44-D12D-47AB-8D3E-6CE27CB1FCFA}.Release|Any CPU.Build.0 = Release|Any CPU
		{E93C3EC1-2DC0-427A-AFD4-82A3CDC90DD6}.Debug|Any CPU.ActiveCfg = Debug|Any CPU
		{E93C3EC1-2DC0-427A-AFD4-82A3CDC90DD6}.Debug|Any CPU.Build.0 = Debug|Any CPU
		{E93C3EC1-2DC0-427A-AFD4-82A3CDC90DD6}.Release|Any CPU.ActiveCfg = Release|Any CPU
		{E93C3EC1-2DC0-427A-AFD4-82A3CDC90DD6}.Release|Any CPU.Build.0 = Release|Any CPU
		{45A1F62A-FE41-4BB2-94B5-D18D5E785922}.Debug|Any CPU.ActiveCfg = Debug|Any CPU
		{45A1F62A-FE41-4BB2-94B5-D18D5E785922}.Debug|Any CPU.Build.0 = Debug|Any CPU
		{45A1F62A-FE41-4BB2-94B5-D18D5E785922}.Release|Any CPU.ActiveCfg = Release|Any CPU
		{45A1F62A-FE41-4BB2-94B5-D18D5E785922}.Release|Any CPU.Build.0 = Release|Any CPU
		{1DDA5DE3-2EB6-4351-BC3E-153671693D99}.Debug|Any CPU.ActiveCfg = Debug|Any CPU
		{1DDA5DE3-2EB6-4351-BC3E-153671693D99}.Debug|Any CPU.Build.0 = Debug|Any CPU
		{1DDA5DE3-2EB6-4351-BC3E-153671693D99}.Release|Any CPU.ActiveCfg = Release|Any CPU
		{1DDA5DE3-2EB6-4351-BC3E-153671693D99}.Release|Any CPU.Build.0 = Release|Any CPU
		{2CFC92D1-A82D-4CC3-8D66-4FDEF7094F3E}.Debug|Any CPU.ActiveCfg = Debug|Any CPU
		{2CFC92D1-A82D-4CC3-8D66-4FDEF7094F3E}.Debug|Any CPU.Build.0 = Debug|Any CPU
		{2CFC92D1-A82D-4CC3-8D66-4FDEF7094F3E}.Release|Any CPU.ActiveCfg = Release|Any CPU
		{2CFC92D1-A82D-4CC3-8D66-4FDEF7094F3E}.Release|Any CPU.Build.0 = Release|Any CPU
		{F30B9E3A-6849-41D9-A62F-2472B2C359C9}.Debug|Any CPU.ActiveCfg = Debug|Any CPU
		{F30B9E3A-6849-41D9-A62F-2472B2C359C9}.Debug|Any CPU.Build.0 = Debug|Any CPU
		{F30B9E3A-6849-41D9-A62F-2472B2C359C9}.Release|Any CPU.ActiveCfg = Release|Any CPU
		{F30B9E3A-6849-41D9-A62F-2472B2C359C9}.Release|Any CPU.Build.0 = Release|Any CPU
		{9D2F8215-30EC-4C3A-BF4E-10D8FA1D3A37}.Debug|Any CPU.ActiveCfg = Debug|Any CPU
		{9D2F8215-30EC-4C3A-BF4E-10D8FA1D3A37}.Debug|Any CPU.Build.0 = Debug|Any CPU
		{9D2F8215-30EC-4C3A-BF4E-10D8FA1D3A37}.Release|Any CPU.ActiveCfg = Release|Any CPU
		{9D2F8215-30EC-4C3A-BF4E-10D8FA1D3A37}.Release|Any CPU.Build.0 = Release|Any CPU
		{F7AE8043-27C3-44BF-83F5-B92092711872}.Debug|Any CPU.ActiveCfg = Debug|Any CPU
		{F7AE8043-27C3-44BF-83F5-B92092711872}.Debug|Any CPU.Build.0 = Debug|Any CPU
		{F7AE8043-27C3-44BF-83F5-B92092711872}.Release|Any CPU.ActiveCfg = Release|Any CPU
		{F7AE8043-27C3-44BF-83F5-B92092711872}.Release|Any CPU.Build.0 = Release|Any CPU
		{FF5EB235-6AED-429D-A618-32863219CBC0}.Debug|Any CPU.ActiveCfg = Debug|Any CPU
		{FF5EB235-6AED-429D-A618-32863219CBC0}.Debug|Any CPU.Build.0 = Debug|Any CPU
		{FF5EB235-6AED-429D-A618-32863219CBC0}.Release|Any CPU.ActiveCfg = Release|Any CPU
		{FF5EB235-6AED-429D-A618-32863219CBC0}.Release|Any CPU.Build.0 = Release|Any CPU
		{E6D449C2-DC70-4EAD-96BE-AA52A96F66DB}.Debug|Any CPU.ActiveCfg = Debug|Any CPU
		{E6D449C2-DC70-4EAD-96BE-AA52A96F66DB}.Debug|Any CPU.Build.0 = Debug|Any CPU
		{E6D449C2-DC70-4EAD-96BE-AA52A96F66DB}.Release|Any CPU.ActiveCfg = Release|Any CPU
		{E6D449C2-DC70-4EAD-96BE-AA52A96F66DB}.Release|Any CPU.Build.0 = Release|Any CPU
		{F1C300DD-0FDA-4EC3-A0D6-8058E4CD67F7}.Debug|Any CPU.ActiveCfg = Debug|Any CPU
		{F1C300DD-0FDA-4EC3-A0D6-8058E4CD67F7}.Debug|Any CPU.Build.0 = Debug|Any CPU
		{F1C300DD-0FDA-4EC3-A0D6-8058E4CD67F7}.Release|Any CPU.ActiveCfg = Release|Any CPU
		{F1C300DD-0FDA-4EC3-A0D6-8058E4CD67F7}.Release|Any CPU.Build.0 = Release|Any CPU
	EndGlobalSection
	GlobalSection(SolutionProperties) = preSolution
		HideSolutionNode = FALSE
	EndGlobalSection
	GlobalSection(ExtensibilityGlobals) = postSolution
		SolutionGuid = {6285E036-15B0-437C-9499-472AFC28370F}
	EndGlobalSection
EndGlobal
